// !$*UTF8*$!
{
	archiveVersion = 1;
	classes = {
	};
	objectVersion = 77;
	objects = {

/* Begin PBXContainerItemProxy section */
		EA60E2472F9E1F9E00BEB415 /* PBXContainerItemProxy */ = {
			isa = PBXContainerItemProxy;
			containerPortal = EA60E2312F9E1F9D00BEB415 /* Project object */;
			proxyType = 1;
			remoteGlobalIDString = EA60E2382F9E1F9D00BEB415;
			remoteInfo = CustomizableCalendar;
		};
		EA60E2512F9E1F9E00BEB415 /* PBXContainerItemProxy */ = {
			isa = PBXContainerItemProxy;
			containerPortal = EA60E2312F9E1F9D00BEB415 /* Project object */;
			proxyType = 1;
			remoteGlobalIDString = EA60E2382F9E1F9D00BEB415;
			remoteInfo = CustomizableCalendar;
		};
/* End PBXContainerItemProxy section */

/* Begin PBXFileReference section */
		EA60E2392F9E1F9D00BEB415 /* CustomizableCalendar.app */ = {isa = PBXFileReference; explicitFileType = wrapper.application; includeInIndex = 0; path = CustomizableCalendar.app; sourceTree = BUILT_PRODUCTS_DIR; };
		EA60E2462F9E1F9E00BEB415 /* CustomizableCalendarTests.xctest */ = {isa = PBXFileReference; explicitFileType = wrapper.cfbundle; includeInIndex = 0; path = CustomizableCalendarTests.xctest; sourceTree = BUILT_PRODUCTS_DIR; };
		EA60E2502F9E1F9E00BEB415 /* CustomizableCalendarUITests.xctest */ = {isa = PBXFileReference; explicitFileType = wrapper.cfbundle; includeInIndex = 0; path = CustomizableCalendarUITests.xctest; sourceTree = BUILT_PRODUCTS_DIR; };
/* End PBXFileReference section */

/* Begin PBXFileSystemSynchronizedRootGroup section */
		CC0000000000000000000001 /* Example */ = {
			isa = PBXFileSystemSynchronizedRootGroup;
			path = Example;
			sourceTree = "<group>";
		};
		EA60E23B2F9E1F9D00BEB415 /* Sources/CustomizableCalendar */ = {
			isa = PBXFileSystemSynchronizedRootGroup;
			path = Sources/CustomizableCalendar;
			sourceTree = "<group>";
		};
		EA60E2492F9E1F9E00BEB415 /* CustomizableCalendarTests */ = {
			isa = PBXFileSystemSynchronizedRootGroup;
			path = CustomizableCalendarTests;
			sourceTree = "<group>";
		};
		EA60E2532F9E1F9E00BEB415 /* CustomizableCalendarUITests */ = {
			isa = PBXFileSystemSynchronizedRootGroup;
			path = CustomizableCalendarUITests;
			sourceTree = "<group>";
		};
/* End PBXFileSystemSynchronizedRootGroup section */

/* Begin PBXFrameworksBuildPhase section */
		EA60E2362F9E1F9D00BEB415 /* Frameworks */ = {
			isa = PBXFrameworksBuildPhase;
			buildActionMask = 2147483647;
			files = (
			);
			runOnlyForDeploymentPostprocessing = 0;
		};
		EA60E2432F9E1F9E00BEB415 /* Frameworks */ = {
			isa = PBXFrameworksBuildPhase;
			buildActionMask = 2147483647;
			files = (
			);
			runOnlyForDeploymentPostprocessing = 0;
		};
		EA60E24D2F9E1F9E00BEB415 /* Frameworks */ = {
			isa = PBXFrameworksBuildPhase;
			buildActionMask = 2147483647;
			files = (
			);
			runOnlyForDeploymentPostprocessing = 0;
		};
/* End PBXFrameworksBuildPhase section */

/* Begin PBXGroup section */
		EA60E2302F9E1F9D00BEB415 = {
			isa = PBXGroup;
			children = (
				EA60E23B2F9E1F9D00BEB415 /* Sources/CustomizableCalendar */,
				CC0000000000000000000001 /* Example */,
				EA60E2492F9E1F9E00BEB415 /* CustomizableCalendarTests */,
				EA60E2532F9E1F9E00BEB415 /* CustomizableCalendarUITests */,
				EA60E23A2F9E1F9D00BEB415 /* Products */,
			);
			sourceTree = "<group>";
		};
		EA60E23A2F9E1F9D00BEB415 /* Products */ = {
			isa = PBXGroup;
			children = (
				EA60E2392F9E1F9D00BEB415 /* CustomizableCalendar.app */,
				EA60E2462F9E1F9E00BEB415 /* CustomizableCalendarTests.xctest */,
				EA60E2502F9E1F9E00BEB415 /* CustomizableCalendarUITests.xctest */,
			);
			name = Products;
			sourceTree = "<group>";
		};
/* End PBXGroup section */

/* Begin PBXNativeTarget section */
		EA60E2382F9E1F9D00BEB415 /* CustomizableCalendar */ = {
			isa = PBXNativeTarget;
			buildConfigurationList = EA60E25A2F9E1F9E00BEB415 /* Build configuration list for PBXNativeTarget "CustomizableCalendar" */;
			buildPhases = (
				EA60E2352F9E1F9D00BEB415 /* Sources */,
				EA60E2362F9E1F9D00BEB415 /* Frameworks */,
				EA60E2372F9E1F9D00BEB415 /* Resources */,
			);
			buildRules = (
			);
			dependencies = (
			);
			fileSystemSynchronizedGroups = (
				CC0000000000000000000001 /* Example */,
				EA60E23B2F9E1F9D00BEB415 /* Sources/CustomizableCalendar */,
			);
			name = CustomizableCalendar;
			packageProductDependencies = (
			);
			productName = CustomizableCalendar;
			productReference = EA60E2392F9E1F9D00BEB415 /* CustomizableCalendar.app */;
			productType = "com.apple.product-type.application";
		};
		EA60E2452F9E1F9E00BEB415 /* CustomizableCalendarTests */ = {
			isa = PBXNativeTarget;
			buildConfigurationList = EA60E25D2F9E1F9E00BEB415 /* Build configuration list for PBXNativeTarget "CustomizableCalendarTests" */;
			buildPhases = (
				EA60E2422F9E1F9E00BEB415 /* Sources */,
				EA60E2432F9E1F9E00BEB415 /* Frameworks */,
				EA60E2442F9E1F9E00BEB415 /* Resources */,
			);
			buildRules = (
			);
			dependencies = (
				EA60E2482F9E1F9E00BEB415 /* PBXTargetDependency */,
			);
			fileSystemSynchronizedGroups = (
				EA60E2492F9E1F9E00BEB415 /* CustomizableCalendarTests */,
			);
			name = CustomizableCalendarTests;
			packageProductDependencies = (
			);
			productName = CustomizableCalendarTests;
			productReference = EA60E2462F9E1F9E00BEB415 /* CustomizableCalendarTests.xctest */;
			productType = "com.apple.product-type.bundle.unit-test";
		};
		EA60E24F2F9E1F9E00BEB415 /* CustomizableCalendarUITests */ = {
			isa = PBXNativeTarget;
			buildConfigurationList = EA60E2602F9E1F9E00BEB415 /* Build configuration list for PBXNativeTarget "CustomizableCalendarUITests" */;
			buildPhases = (
				EA60E24C2F9E1F9E00BEB415 /* Sources */,
				EA60E24D2F9E1F9E00BEB415 /* Frameworks */,
				EA60E24E2F9E1F9E00BEB415 /* Resources */,
			);
			buildRules = (
			);
			dependencies = (
				EA60E2522F9E1F9E00BEB415 /* PBXTargetDependency */,
			);
			fileSystemSynchronizedGroups = (
				EA60E2532F9E1F9E00BEB415 /* CustomizableCalendarUITests */,
			);
			name = CustomizableCalendarUITests;
			packageProductDependencies = (
			);
			productName = CustomizableCalendarUITests;
			productReference = EA60E2502F9E1F9E00BEB415 /* CustomizableCalendarUITests.xctest */;
			productType = "com.apple.product-type.bundle.ui-testing";
		};
/* End PBXNativeTarget section */

/* Begin PBXProject section */
		EA60E2312F9E1F9D00BEB415 /* Project object */ = {
			isa = PBXProject;
			attributes = {
				BuildIndependentTargetsInParallel = 1;
				LastSwiftUpdateCheck = 2630;
				LastUpgradeCheck = 2630;
				TargetAttributes = {
					EA60E2382F9E1F9D00BEB415 = {
						CreatedOnToolsVersion = 26.3;
					};
					EA60E2452F9E1F9E00BEB415 = {
						CreatedOnToolsVersion = 26.3;
						TestTargetID = EA60E2382F9E1F9D00BEB415;
					};
					EA60E24F2F9E1F9E00BEB415 = {
						CreatedOnToolsVersion = 26.3;
						TestTargetID = EA60E2382F9E1F9D00BEB415;
					};
				};
			};
			buildConfigurationList = EA60E2342F9E1F9D00BEB415 /* Build configuration list for PBXProject "CustomizableCalendar" */;
			developmentRegion = en;
			hasScannedForEncodings = 0;
			knownRegions = (
				en,
				Base,
			);
			mainGroup = EA60E2302F9E1F9D00BEB415;
			minimizedProjectReferenceProxies = 1;
			preferredProjectObjectVersion = 77;
			productRefGroup = EA60E23A2F9E1F9D00BEB415 /* Products */;
			projectDirPath = "";
			projectRoot = "";
			targets = (
				EA60E2382F9E1F9D00BEB415 /* CustomizableCalendar */,
				EA60E2452F9E1F9E00BEB415 /* CustomizableCalendarTests */,
				EA60E24F2F9E1F9E00BEB415 /* CustomizableCalendarUITests */,
			);
		};
/* End PBXProject section */

/* Begin PBXResourcesBuildPhase section */
		EA60E2372F9E1F9D00BEB415 /* Resources */ = {
			isa = PBXResourcesBuildPhase;
			buildActionMask = 2147483647;
			files = (
			);
			runOnlyForDeploymentPostprocessing = 0;
		};
		EA60E2442F9E1F9E00BEB415 /* Resources */ = {
			isa = PBXResourcesBuildPhase;
			buildActionMask = 2147483647;
			files = (
			);
			runOnlyForDeploymentPostprocessing = 0;
		};
		EA60E24E2F9E1F9E00BEB415 /* Resources */ = {
			isa = PBXResourcesBuildPhase;
			buildActionMask = 2147483647;
			files = (
			);
			runOnlyForDeploymentPostprocessing = 0;
		};
/* End PBXResourcesBuildPhase section */

/* Begin PBXSourcesBuildPhase section */
		EA60E2352F9E1F9D00BEB415 /* Sources */ = {
			isa = PBXSourcesBuildPhase;
			buildActionMask = 2147483647;
			files = (
			);
			runOnlyForDeploymentPostprocessing = 0;
		};
		EA60E2422F9E1F9E00BEB415 /* Sources */ = {
			isa = PBXSourcesBuildPhase;
			buildActionMask = 2147483647;
			files = (
			);
			runOnlyForDeploymentPostprocessing = 0;
		};
		EA60E24C2F9E1F9E00BEB415 /* Sources */ = {
			isa = PBXSourcesBuildPhase;
			buildActionMask = 2147483647;
			files = (
			);
			runOnlyForDeploymentPostprocessing = 0;
		};
/* End PBXSourcesBuildPhase section */

/* Begin PBXTargetDependency section */
		EA60E2482F9E1F9E00BEB415 /* PBXTargetDependency */ = {
			isa = PBXTargetDependency;
			target = EA60E2382F9E1F9D00BEB415 /* CustomizableCalendar */;
			targetProxy = EA60E2472F9E1F9E00BEB415 /* PBXContainerItemProxy */;
		};
		EA60E2522F9E1F9E00BEB415 /* PBXTargetDependency */ = {
			isa = PBXTargetDependency;
			target = EA60E2382F9E1F9D00BEB415 /* CustomizableCalendar */;
			targetProxy = EA60E2512F9E1F9E00BEB415 /* PBXContainerItemProxy */;
		};
/* End PBXTargetDependency section */

/* Begin XCBuildConfiguration section */
		EA60E2582F9E1F9E00BEB415 /* Debug */ = {
			isa = XCBuildConfiguration;
			buildSettings = {
				ALWAYS_SEARCH_USER_PATHS = NO;
				ASSETCATALOG_COMPILER_GENERATE_SWIFT_ASSET_SYMBOL_EXTENSIONS = YES;
				CLANG_ANALYZER_NONNULL = YES;
				CLANG_ANALYZER_NUMBER_OBJECT_CONVERSION = YES_AGGRESSIVE;
				CLANG_CXX_LANGUAGE_STANDARD = "gnu++20";
				CLANG_ENABLE_MODULES = YES;
				CLANG_ENABLE_OBJC_ARC = YES;
				CLANG_ENABLE_OBJC_WEAK = YES;
				CLANG_WARN_BLOCK_CAPTURE_AUTORELEASING = YES;
				CLANG_WARN_BOOL_CONVERSION = YES;
				CLANG_WARN_COMMA = YES;
				CLANG_WARN_CONSTANT_CONVERSION = YES;
				CLANG_WARN_DEPRECATED_OBJC_IMPLEMENTATIONS = YES;
				CLANG_WARN_DIRECT_OBJC_ISA_USAGE = YES_ERROR;
				CLANG_WARN_DOCUMENTATION_COMMENTS = YES;
				CLANG_WARN_EMPTY_BODY = YES;
				CLANG_WARN_ENUM_CONVERSION = YES;
				CLANG_WARN_INFINITE_RECURSION = YES;
				CLANG_WARN_INT_CONVERSION = YES;
				CLANG_WARN_NON_LITERAL_NULL_CONVERSION = YES;
				CLANG_WARN_OBJC_IMPLICIT_RETAIN_SELF = YES;
				CLANG_WARN_OBJC_LITERAL_CONVERSION = YES;
				CLANG_WARN_OBJC_ROOT_CLASS = YES_ERROR;
				CLANG_WARN_QUOTED_INCLUDE_IN_FRAMEWORK_HEADER = YES;
				CLANG_WARN_RANGE_LOOP_ANALYSIS = YES;
				CLANG_WARN_STRICT_PROTOTYPES = YES;
				CLANG_WARN_SUSPICIOUS_MOVE = YES;
				CLANG_WARN_UNGUARDED_AVAILABILITY = YES_AGGRESSIVE;
				CLANG_WARN_UNREACHABLE_CODE = YES;
				CLANG_WARN__DUPLICATE_METHOD_MATCH = YES;
				COPY_PHASE_STRIP = NO;
				DEBUG_INFORMATION_FORMAT = dwarf;
				ENABLE_STRICT_OBJC_MSGSEND = YES;
				ENABLE_TESTABILITY = YES;
				ENABLE_USER_SCRIPT_SANDBOXING = YES;
				GCC_C_LANGUAGE_STANDARD = gnu17;
				GCC_DYNAMIC_NO_PIC = NO;
				GCC_NO_COMMON_BLOCKS = YES;
				GCC_OPTIMIZATION_LEVEL = 0;
				GCC_PREPROCESSOR_DEFINITIONS = (
					"DEBUG=1",
					"$(inherited)",
				);
				GCC_WARN_64_TO_32_BIT_CONVERSION = YES;
				GCC_WARN_ABOUT_RETURN_TYPE = YES_ERROR;
				GCC_WARN_UNDECLARED_SELECTOR = YES;
				GCC_WARN_UNINITIALIZED_AUTOS = YES_AGGRESSIVE;
				GCC_WARN_UNUSED_FUNCTION = YES;
				GCC_WARN_UNUSED_VARIABLE = YES;
				IPHONEOS_DEPLOYMENT_TARGET = 26.2;
				LOCALIZATION_PREFERS_STRING_CATALOGS = YES;
				MTL_ENABLE_DEBUG_INFO = INCLUDE_SOURCE;
				MTL_FAST_MATH = YES;
				ONLY_ACTIVE_ARCH = YES;
				SDKROOT = iphoneos;
				SWIFT_ACTIVE_COMPILATION_CONDITIONS = "DEBUG $(inherited)";
				SWIFT_OPTIMIZATION_LEVEL = "-Onone";
			};
			name = Debug;
		};
		EA60E2592F9E1F9E00BEB415 /* Release */ = {
			isa = XCBuildConfiguration;
			buildSettings = {
				ALWAYS_SEARCH_USER_PATHS = NO;
				ASSETCATALOG_COMPILER_GENERATE_SWIFT_ASSET_SYMBOL_EXTENSIONS = YES;
				CLANG_ANALYZER_NONNULL = YES;
				CLANG_ANALYZER_NUMBER_OBJECT_CONVERSION = YES_AGGRESSIVE;
				CLANG_CXX_LANGUAGE_STANDARD = "gnu++20";
				CLANG_ENABLE_MODULES = YES;
				CLANG_ENABLE_OBJC_ARC = YES;
				CLANG_ENABLE_OBJC_WEAK = YES;
				CLANG_WARN_BLOCK_CAPTURE_AUTORELEASING = YES;
				CLANG_WARN_BOOL_CONVERSION = YES;
				CLANG_WARN_COMMA = YES;
				CLANG_WARN_CONSTANT_CONVERSION = YES;
				CLANG_WARN_DEPRECATED_OBJC_IMPLEMENTATIONS = YES;
				CLANG_WARN_DIRECT_OBJC_ISA_USAGE = YES_ERROR;
				CLANG_WARN_DOCUMENTATION_COMMENTS = YES;
				CLANG_WARN_EMPTY_BODY = YES;
				CLANG_WARN_ENUM_CONVERSION = YES;
				CLANG_WARN_INFINITE_RECURSION = YES;
				CLANG_WARN_INT_CONVERSION = YES;
				CLANG_WARN_NON_LITERAL_NULL_CONVERSION = YES;
				CLANG_WARN_OBJC_IMPLICIT_RETAIN_SELF = YES;
				CLANG_WARN_OBJC_LITERAL_CONVERSION = YES;
				CLANG_WARN_OBJC_ROOT_CLASS = YES_ERROR;
				CLANG_WARN_QUOTED_INCLUDE_IN_FRAMEWORK_HEADER = YES;
				CLANG_WARN_RANGE_LOOP_ANALYSIS = YES;
				CLANG_WARN_STRICT_PROTOTYPES = YES;
				CLANG_WARN_SUSPICIOUS_MOVE = YES;
				CLANG_WARN_UNGUARDED_AVAILABILITY = YES_AGGRESSIVE;
				CLANG_WARN_UNREACHABLE_CODE = YES;
				CLANG_WARN__DUPLICATE_METHOD_MATCH = YES;
				COPY_PHASE_STRIP = NO;
				DEBUG_INFORMATION_FORMAT = "dwarf-with-dsym";
				ENABLE_NS_ASSERTIONS = NO;
				ENABLE_STRICT_OBJC_MSGSEND = YES;
				ENABLE_USER_SCRIPT_SANDBOXING = YES;
				GCC_C_LANGUAGE_STANDARD = gnu17;
				GCC_NO_COMMON_BLOCKS = YES;
				GCC_WARN_64_TO_32_BIT_CONVERSION = YES;
				GCC_WARN_ABOUT_RETURN_TYPE = YES_ERROR;
				GCC_WARN_UNDECLARED_SELECTOR = YES;
				GCC_WARN_UNINITIALIZED_AUTOS = YES_AGGRESSIVE;
				GCC_WARN_UNUSED_FUNCTION = YES;
				GCC_WARN_UNUSED_VARIABLE = YES;
				IPHONEOS_DEPLOYMENT_TARGET = 26.2;
				LOCALIZATION_PREFERS_STRING_CATALOGS = YES;
				MTL_ENABLE_DEBUG_INFO = NO;
				MTL_FAST_MATH = YES;
				SDKROOT = iphoneos;
				SWIFT_COMPILATION_MODE = wholemodule;
				VALIDATE_PRODUCT = YES;
			};
			name = Release;
		};
		EA60E25B2F9E1F9E00BEB415 /* Debug */ = {
			isa = XCBuildConfiguration;
			buildSettings = {
				ASSETCATALOG_COMPILER_APPICON_NAME = AppIcon;
				ASSETCATALOG_COMPILER_GLOBAL_ACCENT_COLOR_NAME = AccentColor;
				CODE_SIGN_STYLE = Automatic;
				CURRENT_PROJECT_VERSION = 1;
				ENABLE_PREVIEWS = YES;
				GENERATE_INFOPLIST_FILE = YES;
				INFOPLIST_KEY_UIApplicationSceneManifest_Generation = YES;
				INFOPLIST_KEY_UIApplicationSupportsIndirectInputEvents = YES;
				INFOPLIST_KEY_UILaunchScreen_Generation = YES;
				INFOPLIST_KEY_UISupportedInterfaceOrientations_iPad = "UIInterfaceOrientationPortrait UIInterfaceOrientationPortraitUpsideDown UIInterfaceOrientationLandscapeLeft UIInterfaceOrientationLandscapeRight";
				INFOPLIST_KEY_UISupportedInterfaceOrientations_iPhone = "UIInterfaceOrientationPortrait UIInterfaceOrientationLandscapeLeft UIInterfaceOrientationLandscapeRight";
				IPHONEOS_DEPLOYMENT_TARGET = 17.6;
				LD_RUNPATH_SEARCH_PATHS = (
					"$(inherited)",
					"@executable_path/Frameworks",
				);
				MARKETING_VERSION = 1.0;
				PRODUCT_BUNDLE_IDENTIFIER = com.Rami.CustomizableCalendar.CustomizableCalendar;
				PRODUCT_NAME = "$(TARGET_NAME)";
				STRING_CATALOG_GENERATE_SYMBOLS = YES;
				SWIFT_APPROACHABLE_CONCURRENCY = YES;
				SWIFT_DEFAULT_ACTOR_ISOLATION = MainActor;
				SWIFT_EMIT_LOC_STRINGS = YES;
				SWIFT_UPCOMING_FEATURE_MEMBER_IMPORT_VISIBILITY = YES;
				SWIFT_VERSION = 5.0;
				TARGETED_DEVICE_FAMILY = "1,2";
			};
			name = Debug;
		};
		EA60E25C2F9E1F9E00BEB415 /* Release */ = {
			isa = XCBuildConfiguration;
			buildSettings = {
				ASSETCATALOG_COMPILER_APPICON_NAME = AppIcon;
				ASSETCATALOG_COMPILER_GLOBAL_ACCENT_COLOR_NAME = AccentColor;
				CODE_SIGN_STYLE = Automatic;
				CURRENT_PROJECT_VERSION = 1;
				ENABLE_PREVIEWS = YES;
				GENERATE_INFOPLIST_FILE = YES;
				INFOPLIST_KEY_UIApplicationSceneManifest_Generation = YES;
				INFOPLIST_KEY_UIApplicationSupportsIndirectInputEvents = YES;
				INFOPLIST_KEY_UILaunchScreen_Generation = YES;
				INFOPLIST_KEY_UISupportedInterfaceOrientations_iPad = "UIInterfaceOrientationPortrait UIInterfaceOrientationPortraitUpsideDown UIInterfaceOrientationLandscapeLeft UIInterfaceOrientationLandscapeRight";
				INFOPLIST_KEY_UISupportedInterfaceOrientations_iPhone = "UIInterfaceOrientationPortrait UIInterfaceOrientationLandscapeLeft UIInterfaceOrientationLandscapeRight";
				IPHONEOS_DEPLOYMENT_TARGET = 17.6;
				LD_RUNPATH_SEARCH_PATHS = (
					"$(inherited)",
					"@executable_path/Frameworks",
				);
				MARKETING_VERSION = 1.0;
				PRODUCT_BUNDLE_IDENTIFIER = com.Rami.CustomizableCalendar.CustomizableCalendar;
				PRODUCT_NAME = "$(TARGET_NAME)";
				STRING_CATALOG_GENERATE_SYMBOLS = YES;
				SWIFT_APPROACHABLE_CONCURRENCY = YES;
				SWIFT_DEFAULT_ACTOR_ISOLATION = MainActor;
				SWIFT_EMIT_LOC_STRINGS = YES;
				SWIFT_UPCOMING_FEATURE_MEMBER_IMPORT_VISIBILITY = YES;
				SWIFT_VERSION = 5.0;
				TARGETED_DEVICE_FAMILY = "1,2";
			};
			name = Release;
		};
		EA60E25E2F9E1F9E00BEB415 /* Debug */ = {
			isa = XCBuildConfiguration;
			buildSettings = {
				BUNDLE_LOADER = "$(TEST_HOST)";
				CODE_SIGN_STYLE = Automatic;
				CURRENT_PROJECT_VERSION = 1;
				GENERATE_INFOPLIST_FILE = YES;
				IPHONEOS_DEPLOYMENT_TARGET = 26.2;
				MARKETING_VERSION = 1.0;
				PRODUCT_BUNDLE_IDENTIFIER = com.Rami.CustomizableCalendar.CustomizableCalendarTests;
				PRODUCT_NAME = "$(TARGET_NAME)";
				STRING_CATALOG_GENERATE_SYMBOLS = NO;
				SWIFT_APPROACHABLE_CONCURRENCY = YES;
				SWIFT_EMIT_LOC_STRINGS = NO;
				SWIFT_UPCOMING_FEATURE_MEMBER_IMPORT_VISIBILITY = YES;
				SWIFT_VERSION = 5.0;
				TARGETED_DEVICE_FAMILY = "1,2";
				TEST_HOST = "$(BUILT_PRODUCTS_DIR)/CustomizableCalendar.app/$(BUNDLE_EXECUTABLE_FOLDER_PATH)/CustomizableCalendar";
			};
			name = Debug;
		};
		EA60E25F2F9E1F9E00BEB415 /* Release */ = {
			isa = XCBuildConfiguration;
			buildSettings = {
				BUNDLE_LOADER = "$(TEST_HOST)";
				CODE_SIGN_STYLE = Automatic;
				CURRENT_PROJECT_VERSION = 1;
				GENERATE_INFOPLIST_FILE = YES;
				IPHONEOS_DEPLOYMENT_TARGET = 26.2;
				MARKETING_VERSION = 1.0;
				PRODUCT_BUNDLE_IDENTIFIER = com.Rami.CustomizableCalendar.CustomizableCalendarTests;
				PRODUCT_NAME = "$(TARGET_NAME)";
				STRING_CATALOG_GENERATE_SYMBOLS = NO;
				SWIFT_APPROACHABLE_CONCURRENCY = YES;
				SWIFT_EMIT_LOC_STRINGS = NO;
				SWIFT_UPCOMING_FEATURE_MEMBER_IMPORT_VISIBILITY = YES;
				SWIFT_VERSION = 5.0;
				TARGETED_DEVICE_FAMILY = "1,2";
				TEST_HOST = "$(BUILT_PRODUCTS_DIR)/CustomizableCalendar.app/$(BUNDLE_EXECUTABLE_FOLDER_PATH)/CustomizableCalendar";
			};
			name = Release;
		};
		EA60E2612F9E1F9E00BEB415 /* Debug */ = {
			isa = XCBuildConfiguration;
			buildSettings = {
				CODE_SIGN_STYLE = Automatic;
				CURRENT_PROJECT_VERSION = 1;
				GENERATE_INFOPLIST_FILE = YES;
				MARKETING_VERSION = 1.0;
				PRODUCT_BUNDLE_IDENTIFIER = com.Rami.CustomizableCalendar.CustomizableCalendarUITests;
				PRODUCT_NAME = "$(TARGET_NAME)";
				STRING_CATALOG_GENERATE_SYMBOLS = NO;
				SWIFT_APPROACHABLE_CONCURRENCY = YES;
				SWIFT_EMIT_LOC_STRINGS = NO;
				SWIFT_UPCOMING_FEATURE_MEMBER_IMPORT_VISIBILITY = YES;
				SWIFT_VERSION = 5.0;
				TARGETED_DEVICE_FAMILY = "1,2";
				TEST_TARGET_NAME = CustomizableCalendar;
			};
			name = Debug;
		};
		EA60E2622F9E1F9E00BEB415 /* Release */ = {
			isa = XCBuildConfiguration;
			buildSettings = {
				CODE_SIGN_STYLE = Automatic;
				CURRENT_PROJECT_VERSION = 1;
				GENERATE_INFOPLIST_FILE = YES;
				MARKETING_VERSION = 1.0;
				PRODUCT_BUNDLE_IDENTIFIER = com.Rami.CustomizableCalendar.CustomizableCalendarUITests;
				PRODUCT_NAME = "$(TARGET_NAME)";
				STRING_CATALOG_GENERATE_SYMBOLS = NO;
				SWIFT_APPROACHABLE_CONCURRENCY = YES;
				SWIFT_EMIT_LOC_STRINGS = NO;
				SWIFT_UPCOMING_FEATURE_MEMBER_IMPORT_VISIBILITY = YES;
				SWIFT_VERSION = 5.0;
				TARGETED_DEVICE_FAMILY = "1,2";
				TEST_TARGET_NAME = CustomizableCalendar;
			};
			name = Release;
		};
/* End XCBuildConfiguration section */

/* Begin XCConfigurationList section */
		EA60E2342F9E1F9D00BEB415 /* Build configuration list for PBXProject "CustomizableCalendar" */ = {
			isa = XCConfigurationList;
			buildConfigurations = (
				EA60E2582F9E1F9E00BEB415 /* Debug */,
				EA60E2592F9E1F9E00BEB415 /* Release */,
			);
			defaultConfigurationIsVisible = 0;
			defaultConfigurationName = Release;
		};
		EA60E25A2F9E1F9E00BEB415 /* Build configuration list for PBXNativeTarget "CustomizableCalendar" */ = {
			isa = XCConfigurationList;
			buildConfigurations = (
				EA60E25B2F9E1F9E00BEB415 /* Debug */,
				EA60E25C2F9E1F9E00BEB415 /* Release */,
			);
			defaultConfigurationIsVisible = 0;
			defaultConfigurationName = Release;
		};
		EA60E25D2F9E1F9E00BEB415 /* Build configuration list for PBXNativeTarget "CustomizableCalendarTests" */ = {
			isa = XCConfigurationList;
			buildConfigurations = (
				EA60E25E2F9E1F9E00BEB415 /* Debug */,
				EA60E25F2F9E1F9E00BEB415 /* Release */,
			);
			defaultConfigurationIsVisible = 0;
			defaultConfigurationName = Release;
		};
		EA60E2602F9E1F9E00BEB415 /* Build configuration list for PBXNativeTarget "CustomizableCalendarUITests" */ = {
			isa = XCConfigurationList;
			buildConfigurations = (
				EA60E2612F9E1F9E00BEB415 /* Debug */,
				EA60E2622F9E1F9E00BEB415 /* Release */,
			);
			defaultConfigurationIsVisible = 0;
			defaultConfigurationName = Release;
		};
/* End XCConfigurationList section */
	};
	rootObject = EA60E2312F9E1F9D00BEB415 /* Project object */;
}
